
Microsoft Visual Studio Solution File, Format Version 12.00
# Visual Studio 15
VisualStudioVersion = 15.0.28307.421
MinimumVisualStudioVersion = 10.0.40219.1
Project("{FAE04EC0-301F-11D3-BF4B-00C04F79EFBC}") = "6project1", "6project1\6project1.csproj", "{3151E04E-F5E1-4037-A851-774F6EAE516E}"
EndProject
Project("{FAE04EC0-301F-11D3-BF4B-00C04F79EFBC}") = "6project1Tests2", "6project1Tests2\6project1Tests2.csproj", "{FBA0DAA2-C813-4216-9A2E-4C5E8929CAFA}"
EndProject
Global
	GlobalSection(SolutionConfigurationPlatforms) = preSolution
		Debug|Any CPU = Debug|Any CPU
		Release|Any CPU = Release|Any CPU
	EndGlobalSection
	GlobalSection(ProjectConfigurationPlatforms) = postSolution
		{3151E04E-F5E1-4037-A851-774F6EAE516E}.Debug|Any CPU.ActiveCfg = Debug|Any CPU
		{3151E04E-F5E1-4037-A851-774F6EAE516E}.Debug|Any CPU.Build.0 = Debug|Any CPU
		{3151E04E-F5E1-4037-A851-774F6EAE516E}.Release|Any CPU.ActiveCfg = Release|Any CPU
		{3151E04E-F5E1-4037-A851-774F6EAE516E}.Release|Any CPU.Build.0 = Release|Any CPU
		{FBA0DAA2-C813-4216-9A2E-4C5E8929CAFA}.Debug|Any CPU.ActiveCfg = Debug|Any CPU
		{FBA0DAA2-C813-4216-9A2E-4C5E8929CAFA}.Debug|Any CPU.Build.0 = Debug|Any CPU
		{FBA0DAA2-C813-4216-9A2E-4C5E8929CAFA}.Release|Any CPU.ActiveCfg = Release|Any CPU
		{FBA0DAA2-C813-4216-9A2E-4C5E8929CAFA}.Release|Any CPU.Build.0 = Release|Any CPU
	EndGlobalSection
	GlobalSection(SolutionProperties) = preSolution
		HideSolutionNode = FALSE
	EndGlobalSection
	GlobalSection(ExtensibilityGlobals) = postSolution
		SolutionGuid = {2C24747F-BE9C-4629-9294-81EF2900D1F8}
	EndGlobalSection
EndGlobal
