
Microsoft Visual Studio Solution File, Format Version 12.00
# Visual Studio 15
VisualStudioVersion = 15.0.28307.421
MinimumVisualStudioVersion = 10.0.40219.1
Project("{FAE04EC0-301F-11D3-BF4B-00C04F79EFBC}") = "project4", "project4\project4.csproj", "{248C57FF-090F-4DE5-B0CF-C31C16B631B4}"
EndProject
Global
	GlobalSection(SolutionConfigurationPlatforms) = preSolution
		Debug|Any CPU = Debug|Any CPU
		Release|Any CPU = Release|Any CPU
	EndGlobalSection
	GlobalSection(ProjectConfigurationPlatforms) = postSolution
		{248C57FF-090F-4DE5-B0CF-C31C16B631B4}.Debug|Any CPU.ActiveCfg = Debug|Any CPU
		{248C57FF-090F-4DE5-B0CF-C31C16B631B4}.Debug|Any CPU.Build.0 = Debug|Any CPU
		{248C57FF-090F-4DE5-B0CF-C31C16B631B4}.Release|Any CPU.ActiveCfg = Release|Any CPU
		{248C57FF-090F-4DE5-B0CF-C31C16B631B4}.Release|Any CPU.Build.0 = Release|Any CPU
	EndGlobalSection
	GlobalSection(SolutionProperties) = preSolution
		HideSolutionNode = FALSE
	EndGlobalSection
	GlobalSection(ExtensibilityGlobals) = postSolution
		SolutionGuid = {AE3C62A8-AC2E-4510-A6A0-8CA68B0D1850}
	EndGlobalSection
EndGlobal
