
Microsoft Visual Studio Solution File, Format Version 12.00
# Visual Studio 15
VisualStudioVersion = 15.0.28307.421
MinimumVisualStudioVersion = 10.0.40219.1
Project("{FAE04EC0-301F-11D3-BF4B-00C04F79EFBC}") = "4project2", "4project2\4project2.csproj", "{D3D8A2BF-090A-4F15-9EF4-7DDB4E8341E6}"
EndProject
Global
	GlobalSection(SolutionConfigurationPlatforms) = preSolution
		Debug|Any CPU = Debug|Any CPU
		Release|Any CPU = Release|Any CPU
	EndGlobalSection
	GlobalSection(ProjectConfigurationPlatforms) = postSolution
		{D3D8A2BF-090A-4F15-9EF4-7DDB4E8341E6}.Debug|Any CPU.ActiveCfg = Debug|Any CPU
		{D3D8A2BF-090A-4F15-9EF4-7DDB4E8341E6}.Debug|Any CPU.Build.0 = Debug|Any CPU
		{D3D8A2BF-090A-4F15-9EF4-7DDB4E8341E6}.Release|Any CPU.ActiveCfg = Release|Any CPU
		{D3D8A2BF-090A-4F15-9EF4-7DDB4E8341E6}.Release|Any CPU.Build.0 = Release|Any CPU
	EndGlobalSection
	GlobalSection(SolutionProperties) = preSolution
		HideSolutionNode = FALSE
	EndGlobalSection
	GlobalSection(ExtensibilityGlobals) = postSolution
		SolutionGuid = {0EAA3635-3C74-4557-9637-C18B281B7942}
	EndGlobalSection
EndGlobal
