
Microsoft Visual Studio Solution File, Format Version 12.00
# Visual Studio 15
VisualStudioVersion = 15.0.28307.421
MinimumVisualStudioVersion = 10.0.40219.1
Project("{FAE04EC0-301F-11D3-BF4B-00C04F79EFBC}") = "3project1", "3project1\3project1.csproj", "{FB22B727-9938-49DC-81C7-FF1A70CEFED9}"
EndProject
Global
	GlobalSection(SolutionConfigurationPlatforms) = preSolution
		Debug|Any CPU = Debug|Any CPU
		Release|Any CPU = Release|Any CPU
	EndGlobalSection
	GlobalSection(ProjectConfigurationPlatforms) = postSolution
		{FB22B727-9938-49DC-81C7-FF1A70CEFED9}.Debug|Any CPU.ActiveCfg = Debug|Any CPU
		{FB22B727-9938-49DC-81C7-FF1A70CEFED9}.Debug|Any CPU.Build.0 = Debug|Any CPU
		{FB22B727-9938-49DC-81C7-FF1A70CEFED9}.Release|Any CPU.ActiveCfg = Release|Any CPU
		{FB22B727-9938-49DC-81C7-FF1A70CEFED9}.Release|Any CPU.Build.0 = Release|Any CPU
	EndGlobalSection
	GlobalSection(SolutionProperties) = preSolution
		HideSolutionNode = FALSE
	EndGlobalSection
	GlobalSection(ExtensibilityGlobals) = postSolution
		SolutionGuid = {EC407AF6-0062-45C3-80BB-99B8DB6B2E53}
	EndGlobalSection
EndGlobal
